
Microsoft Visual Studio Solution File, Format Version 12.00
# Visual Studio 15
VisualStudioVersion = 15.0.28307.168
MinimumVisualStudioVersion = 10.0.40219.1
Project("{9A19103F-16F7-4668-BE54-9A1E7A4F7556}") = "NordCTask", "NordCTask\NordCTask.csproj", "{1FC7B54A-D7F1-4C28-88E7-82418572042F}"
EndProject
Project("{FAE04EC0-301F-11D3-BF4B-00C04F79EFBC}") = "NordCTask.Test", "NordCTask.Test\NordCTask.Test.csproj", "{F29B6B48-D071-450D-8809-BCA7FDB58F68}"
EndProject
Global
	GlobalSection(SolutionConfigurationPlatforms) = preSolution
		Debug|Any CPU = Debug|Any CPU
		Release|Any CPU = Release|Any CPU
	EndGlobalSection
	GlobalSection(ProjectConfigurationPlatforms) = postSolution
		{1FC7B54A-D7F1-4C28-88E7-82418572042F}.Debug|Any CPU.ActiveCfg = Debug|Any CPU
		{1FC7B54A-D7F1-4C28-88E7-82418572042F}.Debug|Any CPU.Build.0 = Debug|Any CPU
		{1FC7B54A-D7F1-4C28-88E7-82418572042F}.Release|Any CPU.ActiveCfg = Release|Any CPU
		{1FC7B54A-D7F1-4C28-88E7-82418572042F}.Release|Any CPU.Build.0 = Release|Any CPU
		{F29B6B48-D071-450D-8809-BCA7FDB58F68}.Debug|Any CPU.ActiveCfg = Debug|Any CPU
		{F29B6B48-D071-450D-8809-BCA7FDB58F68}.Debug|Any CPU.Build.0 = Debug|Any CPU
		{F29B6B48-D071-450D-8809-BCA7FDB58F68}.Release|Any CPU.ActiveCfg = Release|Any CPU
		{F29B6B48-D071-450D-8809-BCA7FDB58F68}.Release|Any CPU.Build.0 = Release|Any CPU
	EndGlobalSection
	GlobalSection(SolutionProperties) = preSolution
		HideSolutionNode = FALSE
	EndGlobalSection
	GlobalSection(ExtensibilityGlobals) = postSolution
		SolutionGuid = {B51EBBF6-2761-42ED-B651-7A7F9414F40E}
	EndGlobalSection
EndGlobal
